// !$*UTF8*$!
{
	archiveVersion = 1;
	classes = {
	};
	objectVersion = 50;
	objects = {

/* Begin PBXBuildFile section */
		3013C70742481D79BB8FCAB5 /* Pods_AuB.framework in Frameworks */ = {isa = PBXBuildFile; fileRef = C5F022DCE77EBDF35B3119CE /* Pods_AuB.framework */; };
		C518BAFD24869C6F003B00B7 /* PlayTrackListViewController.swift in Sources */ = {isa = PBXBuildFile; fileRef = C518BAFC24869C6F003B00B7 /* PlayTrackListViewController.swift */; };
		C518BAFF24869FB8003B00B7 /* UIRootTabViewController.swift in Sources */ = {isa = PBXBuildFile; fileRef = C518BAFE24869FB8003B00B7 /* UIRootTabViewController.swift */; };
		C518BB022486A36D003B00B7 /* TrackModel.swift in Sources */ = {isa = PBXBuildFile; fileRef = C518BB012486A36D003B00B7 /* TrackModel.swift */; };
		C518BB052486A3FB003B00B7 /* PlayListVM.swift in Sources */ = {isa = PBXBuildFile; fileRef = C518BB042486A3FB003B00B7 /* PlayListVM.swift */; };
		C518BB0A2486A922003B00B7 /* TrackTableViewCell.swift in Sources */ = {isa = PBXBuildFile; fileRef = C518BB082486A922003B00B7 /* TrackTableViewCell.swift */; };
		C518BB0B2486A922003B00B7 /* TrackTableViewCell.xib in Resources */ = {isa = PBXBuildFile; fileRef = C518BB092486A922003B00B7 /* TrackTableViewCell.xib */; };
		C518BB0E2486AE6C003B00B7 /* AudioToolbox.framework in Frameworks */ = {isa = PBXBuildFile; fileRef = C518BB0D2486AE6C003B00B7 /* AudioToolbox.framework */; };
		C523FE23249E5CD00044FF2C /* FavouriteViewController.swift in Sources */ = {isa = PBXBuildFile; fileRef = C523FE22249E5CD00044FF2C /* FavouriteViewController.swift */; };
		C523FE25249E5FD50044FF2C /* FavouriteVM.swift in Sources */ = {isa = PBXBuildFile; fileRef = C523FE24249E5FD50044FF2C /* FavouriteVM.swift */; };
		C523FE27249E60F20044FF2C /* StorageUtils.swift in Sources */ = {isa = PBXBuildFile; fileRef = C523FE26249E60F20044FF2C /* StorageUtils.swift */; };
		C523FE2A249E637A0044FF2C /* Noti.swift in Sources */ = {isa = PBXBuildFile; fileRef = C523FE29249E637A0044FF2C /* Noti.swift */; };
		C523FE2D249E6BB40044FF2C /* BookFavoriteTableViewCell.xib in Resources */ = {isa = PBXBuildFile; fileRef = C523FE2B249E6BB40044FF2C /* BookFavoriteTableViewCell.xib */; };
		C523FE2E249E6BB40044FF2C /* BookFavoriteTableViewCell.swift in Sources */ = {isa = PBXBuildFile; fileRef = C523FE2C249E6BB40044FF2C /* BookFavoriteTableViewCell.swift */; };
		C535075424DA465F00BFE011 /* Podfile in Resources */ = {isa = PBXBuildFile; fileRef = C535075324DA465F00BFE011 /* Podfile */; };
		C5934B8324C7284C00E19467 /* ConvertUtils.swift in Sources */ = {isa = PBXBuildFile; fileRef = C5934B8224C7284C00E19467 /* ConvertUtils.swift */; };
		C5A020E42497C5400090F7C0 /* BookExplorerTableViewController.swift in Sources */ = {isa = PBXBuildFile; fileRef = C5A020E32497C5400090F7C0 /* BookExplorerTableViewController.swift */; };
		C5A020E72497C79B0090F7C0 /* BookCoverTableViewCell.swift in Sources */ = {isa = PBXBuildFile; fileRef = C5A020E52497C79A0090F7C0 /* BookCoverTableViewCell.swift */; };
		C5A020E82497C79B0090F7C0 /* BookCoverTableViewCell.xib in Resources */ = {isa = PBXBuildFile; fileRef = C5A020E62497C79B0090F7C0 /* BookCoverTableViewCell.xib */; };
		C5A020EA2497CDA60090F7C0 /* BookExplorerViewModel.swift in Sources */ = {isa = PBXBuildFile; fileRef = C5A020E92497CDA50090F7C0 /* BookExplorerViewModel.swift */; };
		C5B6510324741746004B285F /* AppDelegate.swift in Sources */ = {isa = PBXBuildFile; fileRef = C5B6510224741746004B285F /* AppDelegate.swift */; };
		C5B6510524741746004B285F /* SceneDelegate.swift in Sources */ = {isa = PBXBuildFile; fileRef = C5B6510424741746004B285F /* SceneDelegate.swift */; };
		C5B6510724741746004B285F /* FirstViewController.swift in Sources */ = {isa = PBXBuildFile; fileRef = C5B6510624741746004B285F /* FirstViewController.swift */; };
		C5B6510924741746004B285F /* SecondViewController.swift in Sources */ = {isa = PBXBuildFile; fileRef = C5B6510824741746004B285F /* SecondViewController.swift */; };
		C5B6510C24741746004B285F /* Main.storyboard in Resources */ = {isa = PBXBuildFile; fileRef = C5B6510A24741746004B285F /* Main.storyboard */; };
		C5B6510E2474174D004B285F /* Assets.xcassets in Resources */ = {isa = PBXBuildFile; fileRef = C5B6510D2474174D004B285F /* Assets.xcassets */; };
		C5B651112474174D004B285F /* LaunchScreen.storyboard in Resources */ = {isa = PBXBuildFile; fileRef = C5B6510F2474174D004B285F /* LaunchScreen.storyboard */; };
		C5B6511A24741F8C004B285F /* AVFoundation.framework in Frameworks */ = {isa = PBXBuildFile; fileRef = C5B6511924741F8C004B285F /* AVFoundation.framework */; };
		C5B892852497C00100623407 /* DataGenerator.swift in Sources */ = {isa = PBXBuildFile; fileRef = C5B892842497C00100623407 /* DataGenerator.swift */; };
		C5D1702824B7611E002391E8 /* RecentPlayingViewController .swift in Sources */ = {isa = PBXBuildFile; fileRef = C5D1702724B7611E002391E8 /* RecentPlayingViewController .swift */; };
		C5D1702A24B76938002391E8 /* RecentPlayingVM.swift in Sources */ = {isa = PBXBuildFile; fileRef = C5D1702924B76937002391E8 /* RecentPlayingVM.swift */; };
/* End PBXBuildFile section */

/* Begin PBXFileReference section */
		8737E845BCBE660DBAFF0571 /* Pods-AuB.release.xcconfig */ = {isa = PBXFileReference; includeInIndex = 1; lastKnownFileType = text.xcconfig; name = "Pods-AuB.release.xcconfig"; path = "Target Support Files/Pods-AuB/Pods-AuB.release.xcconfig"; sourceTree = "<group>"; };
		A7152577116248490957B9FB /* Pods-AuB.debug.xcconfig */ = {isa = PBXFileReference; includeInIndex = 1; lastKnownFileType = text.xcconfig; name = "Pods-AuB.debug.xcconfig"; path = "Target Support Files/Pods-AuB/Pods-AuB.debug.xcconfig"; sourceTree = "<group>"; };
		C518BAFC24869C6F003B00B7 /* PlayTrackListViewController.swift */ = {isa = PBXFileReference; lastKnownFileType = sourcecode.swift; path = PlayTrackListViewController.swift; sourceTree = "<group>"; };
		C518BAFE24869FB8003B00B7 /* UIRootTabViewController.swift */ = {isa = PBXFileReference; lastKnownFileType = sourcecode.swift; path = UIRootTabViewController.swift; sourceTree = "<group>"; };
		C518BB012486A36D003B00B7 /* TrackModel.swift */ = {isa = PBXFileReference; lastKnownFileType = sourcecode.swift; path = TrackModel.swift; sourceTree = "<group>"; };
		C518BB042486A3FB003B00B7 /* PlayListVM.swift */ = {isa = PBXFileReference; lastKnownFileType = sourcecode.swift; path = PlayListVM.swift; sourceTree = "<group>"; };
		C518BB082486A922003B00B7 /* TrackTableViewCell.swift */ = {isa = PBXFileReference; lastKnownFileType = sourcecode.swift; path = TrackTableViewCell.swift; sourceTree = "<group>"; };
		C518BB092486A922003B00B7 /* TrackTableViewCell.xib */ = {isa = PBXFileReference; lastKnownFileType = file.xib; path = TrackTableViewCell.xib; sourceTree = "<group>"; };
		C518BB0C2486AE6C003B00B7 /* AuB.entitlements */ = {isa = PBXFileReference; lastKnownFileType = text.plist.entitlements; path = AuB.entitlements; sourceTree = "<group>"; };
		C518BB0D2486AE6C003B00B7 /* AudioToolbox.framework */ = {isa = PBXFileReference; lastKnownFileType = wrapper.framework; name = AudioToolbox.framework; path = System/Library/Frameworks/AudioToolbox.framework; sourceTree = SDKROOT; };
		C523FE22249E5CD00044FF2C /* FavouriteViewController.swift */ = {isa = PBXFileReference; lastKnownFileType = sourcecode.swift; path = FavouriteViewController.swift; sourceTree = "<group>"; };
		C523FE24249E5FD50044FF2C /* FavouriteVM.swift */ = {isa = PBXFileReference; lastKnownFileType = sourcecode.swift; path = FavouriteVM.swift; sourceTree = "<group>"; };
		C523FE26249E60F20044FF2C /* StorageUtils.swift */ = {isa = PBXFileReference; lastKnownFileType = sourcecode.swift; path = StorageUtils.swift; sourceTree = "<group>"; };
		C523FE29249E637A0044FF2C /* Noti.swift */ = {isa = PBXFileReference; lastKnownFileType = sourcecode.swift; path = Noti.swift; sourceTree = "<group>"; };
		C523FE2B249E6BB40044FF2C /* BookFavoriteTableViewCell.xib */ = {isa = PBXFileReference; fileEncoding = 4; lastKnownFileType = file.xib; path = BookFavoriteTableViewCell.xib; sourceTree = "<group>"; };
		C523FE2C249E6BB40044FF2C /* BookFavoriteTableViewCell.swift */ = {isa = PBXFileReference; fileEncoding = 4; lastKnownFileType = sourcecode.swift; path = BookFavoriteTableViewCell.swift; sourceTree = "<group>"; };
		C535075324DA465F00BFE011 /* Podfile */ = {isa = PBXFileReference; fileEncoding = 4; lastKnownFileType = text; path = Podfile; sourceTree = SOURCE_ROOT; };
		C5934B8224C7284C00E19467 /* ConvertUtils.swift */ = {isa = PBXFileReference; lastKnownFileType = sourcecode.swift; path = ConvertUtils.swift; sourceTree = "<group>"; };
		C5A020E32497C5400090F7C0 /* BookExplorerTableViewController.swift */ = {isa = PBXFileReference; lastKnownFileType = sourcecode.swift; path = BookExplorerTableViewController.swift; sourceTree = "<group>"; };
		C5A020E52497C79A0090F7C0 /* BookCoverTableViewCell.swift */ = {isa = PBXFileReference; lastKnownFileType = sourcecode.swift; path = BookCoverTableViewCell.swift; sourceTree = "<group>"; };
		C5A020E62497C79B0090F7C0 /* BookCoverTableViewCell.xib */ = {isa = PBXFileReference; lastKnownFileType = file.xib; path = BookCoverTableViewCell.xib; sourceTree = "<group>"; };
		C5A020E92497CDA50090F7C0 /* BookExplorerViewModel.swift */ = {isa = PBXFileReference; lastKnownFileType = sourcecode.swift; path = BookExplorerViewModel.swift; sourceTree = "<group>"; };
		C5B650FF24741746004B285F /* AuB.app */ = {isa = PBXFileReference; explicitFileType = wrapper.application; includeInIndex = 0; path = AuB.app; sourceTree = BUILT_PRODUCTS_DIR; };
		C5B6510224741746004B285F /* AppDelegate.swift */ = {isa = PBXFileReference; lastKnownFileType = sourcecode.swift; path = AppDelegate.swift; sourceTree = "<group>"; };
		C5B6510424741746004B285F /* SceneDelegate.swift */ = {isa = PBXFileReference; lastKnownFileType = sourcecode.swift; path = SceneDelegate.swift; sourceTree = "<group>"; };
		C5B6510624741746004B285F /* FirstViewController.swift */ = {isa = PBXFileReference; lastKnownFileType = sourcecode.swift; path = FirstViewController.swift; sourceTree = "<group>"; };
		C5B6510824741746004B285F /* SecondViewController.swift */ = {isa = PBXFileReference; lastKnownFileType = sourcecode.swift; path = SecondViewController.swift; sourceTree = "<group>"; };
		C5B6510B24741746004B285F /* Base */ = {isa = PBXFileReference; lastKnownFileType = file.storyboard; name = Base; path = Base.lproj/Main.storyboard; sourceTree = "<group>"; };
		C5B6510D2474174D004B285F /* Assets.xcassets */ = {isa = PBXFileReference; lastKnownFileType = folder.assetcatalog; path = Assets.xcassets; sourceTree = "<group>"; };
		C5B651102474174D004B285F /* Base */ = {isa = PBXFileReference; lastKnownFileType = file.storyboard; name = Base; path = Base.lproj/LaunchScreen.storyboard; sourceTree = "<group>"; };
		C5B651122474174D004B285F /* Info.plist */ = {isa = PBXFileReference; lastKnownFileType = text.plist.xml; path = Info.plist; sourceTree = "<group>"; };
		C5B6511924741F8C004B285F /* AVFoundation.framework */ = {isa = PBXFileReference; lastKnownFileType = wrapper.framework; name = AVFoundation.framework; path = System/Library/Frameworks/AVFoundation.framework; sourceTree = SDKROOT; };
		C5B892842497C00100623407 /* DataGenerator.swift */ = {isa = PBXFileReference; lastKnownFileType = sourcecode.swift; path = DataGenerator.swift; sourceTree = "<group>"; };
		C5D1702724B7611E002391E8 /* RecentPlayingViewController .swift */ = {isa = PBXFileReference; fileEncoding = 4; lastKnownFileType = sourcecode.swift; path = "RecentPlayingViewController .swift"; sourceTree = "<group>"; };
		C5D1702924B76937002391E8 /* RecentPlayingVM.swift */ = {isa = PBXFileReference; lastKnownFileType = sourcecode.swift; path = RecentPlayingVM.swift; sourceTree = "<group>"; };
		C5F022DCE77EBDF35B3119CE /* Pods_AuB.framework */ = {isa = PBXFileReference; explicitFileType = wrapper.framework; includeInIndex = 0; path = Pods_AuB.framework; sourceTree = BUILT_PRODUCTS_DIR; };
/* End PBXFileReference section */

/* Begin PBXFrameworksBuildPhase section */
		C5B650FC24741746004B285F /* Frameworks */ = {
			isa = PBXFrameworksBuildPhase;
			buildActionMask = 2147483647;
			files = (
				C5B6511A24741F8C004B285F /* AVFoundation.framework in Frameworks */,
				C518BB0E2486AE6C003B00B7 /* AudioToolbox.framework in Frameworks */,
				3013C70742481D79BB8FCAB5 /* Pods_AuB.framework in Frameworks */,
			);
			runOnlyForDeploymentPostprocessing = 0;
		};
/* End PBXFrameworksBuildPhase section */

/* Begin PBXGroup section */
		B29BD8E0B26E9EF5C8998B15 /* Pods */ = {
			isa = PBXGroup;
			children = (
				A7152577116248490957B9FB /* Pods-AuB.debug.xcconfig */,
				8737E845BCBE660DBAFF0571 /* Pods-AuB.release.xcconfig */,
			);
			name = Pods;
			path = Pods;
			sourceTree = "<group>";
		};
		C518BB002486A256003B00B7 /* Model */ = {
			isa = PBXGroup;
			children = (
				C518BB012486A36D003B00B7 /* TrackModel.swift */,
				C5B892842497C00100623407 /* DataGenerator.swift */,
				C523FE26249E60F20044FF2C /* StorageUtils.swift */,
				C523FE29249E637A0044FF2C /* Noti.swift */,
			);
			path = Model;
			sourceTree = "<group>";
		};
		C518BB032486A3EA003B00B7 /* ViewModel */ = {
			isa = PBXGroup;
			children = (
				C518BB042486A3FB003B00B7 /* PlayListVM.swift */,
				C5A020E92497CDA50090F7C0 /* BookExplorerViewModel.swift */,
				C523FE24249E5FD50044FF2C /* FavouriteVM.swift */,
				C5D1702924B76937002391E8 /* RecentPlayingVM.swift */,
			);
			path = ViewModel;
			sourceTree = "<group>";
		};
		C518BB062486A580003B00B7 /* View */ = {
			isa = PBXGroup;
			children = (
				C518BAFE24869FB8003B00B7 /* UIRootTabViewController.swift */,
				C5B6510624741746004B285F /* FirstViewController.swift */,
				C5B6510824741746004B285F /* SecondViewController.swift */,
				C518BAFC24869C6F003B00B7 /* PlayTrackListViewController.swift */,
				C5A020E32497C5400090F7C0 /* BookExplorerTableViewController.swift */,
				C5D1702724B7611E002391E8 /* RecentPlayingViewController .swift */,
				C523FE22249E5CD00044FF2C /* FavouriteViewController.swift */,
			);
			path = View;
			sourceTree = "<group>";
		};
		C518BB072486A901003B00B7 /* Cell */ = {
			isa = PBXGroup;
			children = (
				C523FE2C249E6BB40044FF2C /* BookFavoriteTableViewCell.swift */,
				C523FE2B249E6BB40044FF2C /* BookFavoriteTableViewCell.xib */,
				C518BB082486A922003B00B7 /* TrackTableViewCell.swift */,
				C518BB092486A922003B00B7 /* TrackTableViewCell.xib */,
				C5A020E52497C79A0090F7C0 /* BookCoverTableViewCell.swift */,
				C5A020E62497C79B0090F7C0 /* BookCoverTableViewCell.xib */,
			);
			path = Cell;
			sourceTree = "<group>";
		};
		C5934B8124C7283A00E19467 /* Utils */ = {
			isa = PBXGroup;
			children = (
				C5934B8224C7284C00E19467 /* ConvertUtils.swift */,
			);
			path = Utils;
			sourceTree = "<group>";
		};
		C5B650F624741746004B285F = {
			isa = PBXGroup;
			children = (
				C5B6510124741746004B285F /* AuB */,
				C5B6510024741746004B285F /* Products */,
				C5B6511824741F8C004B285F /* Frameworks */,
				B29BD8E0B26E9EF5C8998B15 /* Pods */,
			);
			sourceTree = "<group>";
		};
		C5B6510024741746004B285F /* Products */ = {
			isa = PBXGroup;
			children = (
				C5B650FF24741746004B285F /* AuB.app */,
			);
			name = Products;
			sourceTree = "<group>";
		};
		C5B6510124741746004B285F /* AuB */ = {
			isa = PBXGroup;
			children = (
				C535075324DA465F00BFE011 /* Podfile */,
				C5934B8124C7283A00E19467 /* Utils */,
				C518BB0C2486AE6C003B00B7 /* AuB.entitlements */,
				C518BB072486A901003B00B7 /* Cell */,
				C518BB062486A580003B00B7 /* View */,
				C518BB032486A3EA003B00B7 /* ViewModel */,
				C518BB002486A256003B00B7 /* Model */,
				C5B6510224741746004B285F /* AppDelegate.swift */,
				C5B6510424741746004B285F /* SceneDelegate.swift */,
				C5B6510A24741746004B285F /* Main.storyboard */,
				C5B6510D2474174D004B285F /* Assets.xcassets */,
				C5B6510F2474174D004B285F /* LaunchScreen.storyboard */,
				C5B651122474174D004B285F /* Info.plist */,
			);
			path = AuB;
			sourceTree = "<group>";
		};
		C5B6511824741F8C004B285F /* Frameworks */ = {
			isa = PBXGroup;
			children = (
				C518BB0D2486AE6C003B00B7 /* AudioToolbox.framework */,
				C5B6511924741F8C004B285F /* AVFoundation.framework */,
				C5F022DCE77EBDF35B3119CE /* Pods_AuB.framework */,
			);
			name = Frameworks;
			sourceTree = "<group>";
		};
/* End PBXGroup section */

/* Begin PBXNativeTarget section */
		C5B650FE24741746004B285F /* AuB */ = {
			isa = PBXNativeTarget;
			buildConfigurationList = C5B651152474174D004B285F /* Build configuration list for PBXNativeTarget "AuB" */;
			buildPhases = (
				8046C90020CB540E0F02866B /* [CP] Check Pods Manifest.lock */,
				C5B650FB24741746004B285F /* Sources */,
				C5B650FC24741746004B285F /* Frameworks */,
				C5B650FD24741746004B285F /* Resources */,
				8B2DFD55A08395B01F0CEDF9 /* [CP] Embed Pods Frameworks */,
			);
			buildRules = (
			);
			dependencies = (
			);
			name = AuB;
			productName = AuB;
			productReference = C5B650FF24741746004B285F /* AuB.app */;
			productType = "com.apple.product-type.application";
		};
/* End PBXNativeTarget section */

/* Begin PBXProject section */
		C5B650F724741746004B285F /* Project object */ = {
			isa = PBXProject;
			attributes = {
				LastSwiftUpdateCheck = 1140;
				LastUpgradeCheck = 1140;
				ORGANIZATIONNAME = "Son Nguyen";
				TargetAttributes = {
					C5B650FE24741746004B285F = {
						CreatedOnToolsVersion = 11.4.1;
					};
				};
			};
			buildConfigurationList = C5B650FA24741746004B285F /* Build configuration list for PBXProject "AuB" */;
			compatibilityVersion = "Xcode 9.3";
			developmentRegion = en;
			hasScannedForEncodings = 0;
			knownRegions = (
				en,
				Base,
			);
			mainGroup = C5B650F624741746004B285F;
			productRefGroup = C5B6510024741746004B285F /* Products */;
			projectDirPath = "";
			projectRoot = "";
			targets = (
				C5B650FE24741746004B285F /* AuB */,
			);
		};
/* End PBXProject section */

/* Begin PBXResourcesBuildPhase section */
		C5B650FD24741746004B285F /* Resources */ = {
			isa = PBXResourcesBuildPhase;
			buildActionMask = 2147483647;
			files = (
				C5A020E82497C79B0090F7C0 /* BookCoverTableViewCell.xib in Resources */,
				C5B651112474174D004B285F /* LaunchScreen.storyboard in Resources */,
				C523FE2D249E6BB40044FF2C /* BookFavoriteTableViewCell.xib in Resources */,
				C5B6510E2474174D004B285F /* Assets.xcassets in Resources */,
				C5B6510C24741746004B285F /* Main.storyboard in Resources */,
				C535075424DA465F00BFE011 /* Podfile in Resources */,
				C518BB0B2486A922003B00B7 /* TrackTableViewCell.xib in Resources */,
			);
			runOnlyForDeploymentPostprocessing = 0;
		};
/* End PBXResourcesBuildPhase section */

/* Begin PBXShellScriptBuildPhase section */
		8046C90020CB540E0F02866B /* [CP] Check Pods Manifest.lock */ = {
			isa = PBXShellScriptBuildPhase;
			buildActionMask = 2147483647;
			files = (
			);
			inputFileListPaths = (
			);
			inputPaths = (
				"${PODS_PODFILE_DIR_PATH}/Podfile.lock",
				"${PODS_ROOT}/Manifest.lock",
			);
			name = "[CP] Check Pods Manifest.lock";
			outputFileListPaths = (
			);
			outputPaths = (
				"$(DERIVED_FILE_DIR)/Pods-AuB-checkManifestLockResult.txt",
			);
			runOnlyForDeploymentPostprocessing = 0;
			shellPath = /bin/sh;
			shellScript = "diff \"${PODS_PODFILE_DIR_PATH}/Podfile.lock\" \"${PODS_ROOT}/Manifest.lock\" > /dev/null\nif [ $? != 0 ] ; then\n    # print error to STDERR\n    echo \"error: The sandbox is not in sync with the Podfile.lock. Run 'pod install' or update your CocoaPods installation.\" >&2\n    exit 1\nfi\n# This output is used by Xcode 'outputs' to avoid re-running this script phase.\necho \"SUCCESS\" > \"${SCRIPT_OUTPUT_FILE_0}\"\n";
			showEnvVarsInLog = 0;
		};
		8B2DFD55A08395B01F0CEDF9 /* [CP] Embed Pods Frameworks */ = {
			isa = PBXShellScriptBuildPhase;
			buildActionMask = 2147483647;
			files = (
			);
			inputFileListPaths = (
				"${PODS_ROOT}/Target Support Files/Pods-AuB/Pods-AuB-frameworks-${CONFIGURATION}-input-files.xcfilelist",
			);
			name = "[CP] Embed Pods Frameworks";
			outputFileListPaths = (
				"${PODS_ROOT}/Target Support Files/Pods-AuB/Pods-AuB-frameworks-${CONFIGURATION}-output-files.xcfilelist",
			);
			runOnlyForDeploymentPostprocessing = 0;
			shellPath = /bin/sh;
			shellScript = "\"${PODS_ROOT}/Target Support Files/Pods-AuB/Pods-AuB-frameworks.sh\"\n";
			showEnvVarsInLog = 0;
		};
/* End PBXShellScriptBuildPhase section */

/* Begin PBXSourcesBuildPhase section */
		C5B650FB24741746004B285F /* Sources */ = {
			isa = PBXSourcesBuildPhase;
			buildActionMask = 2147483647;
			files = (
				C518BB052486A3FB003B00B7 /* PlayListVM.swift in Sources */,
				C518BAFD24869C6F003B00B7 /* PlayTrackListViewController.swift in Sources */,
				C523FE2E249E6BB40044FF2C /* BookFavoriteTableViewCell.swift in Sources */,
				C5B6510924741746004B285F /* SecondViewController.swift in Sources */,
				C5D1702824B7611E002391E8 /* RecentPlayingViewController .swift in Sources */,
				C523FE27249E60F20044FF2C /* StorageUtils.swift in Sources */,
				C518BB022486A36D003B00B7 /* TrackModel.swift in Sources */,
				C523FE23249E5CD00044FF2C /* FavouriteViewController.swift in Sources */,
				C5A020E72497C79B0090F7C0 /* BookCoverTableViewCell.swift in Sources */,
				C5A020EA2497CDA60090F7C0 /* BookExplorerViewModel.swift in Sources */,
				C518BB0A2486A922003B00B7 /* TrackTableViewCell.swift in Sources */,
				C518BAFF24869FB8003B00B7 /* UIRootTabViewController.swift in Sources */,
				C5B6510724741746004B285F /* FirstViewController.swift in Sources */,
				C5B6510324741746004B285F /* AppDelegate.swift in Sources */,
				C523FE25249E5FD50044FF2C /* FavouriteVM.swift in Sources */,
				C5B6510524741746004B285F /* SceneDelegate.swift in Sources */,
				C5D1702A24B76938002391E8 /* RecentPlayingVM.swift in Sources */,
				C523FE2A249E637A0044FF2C /* Noti.swift in Sources */,
				C5A020E42497C5400090F7C0 /* BookExplorerTableViewController.swift in Sources */,
				C5934B8324C7284C00E19467 /* ConvertUtils.swift in Sources */,
				C5B892852497C00100623407 /* DataGenerator.swift in Sources */,
			);
			runOnlyForDeploymentPostprocessing = 0;
		};
/* End PBXSourcesBuildPhase section */

/* Begin PBXVariantGroup section */
		C5B6510A24741746004B285F /* Main.storyboard */ = {
			isa = PBXVariantGroup;
			children = (
				C5B6510B24741746004B285F /* Base */,
			);
			name = Main.storyboard;
			sourceTree = "<group>";
		};
		C5B6510F2474174D004B285F /* LaunchScreen.storyboard */ = {
			isa = PBXVariantGroup;
			children = (
				C5B651102474174D004B285F /* Base */,
			);
			name = LaunchScreen.storyboard;
			sourceTree = "<group>";
		};
/* End PBXVariantGroup section */

/* Begin XCBuildConfiguration section */
		C5B651132474174D004B285F /* Debug */ = {
			isa = XCBuildConfiguration;
			buildSettings = {
				ALWAYS_SEARCH_USER_PATHS = NO;
				CLANG_ANALYZER_NONNULL = YES;
				CLANG_ANALYZER_NUMBER_OBJECT_CONVERSION = YES_AGGRESSIVE;
				CLANG_CXX_LANGUAGE_STANDARD = "gnu++14";
				CLANG_CXX_LIBRARY = "libc++";
				CLANG_ENABLE_MODULES = YES;
				CLANG_ENABLE_OBJC_ARC = YES;
				CLANG_ENABLE_OBJC_WEAK = YES;
				CLANG_WARN_BLOCK_CAPTURE_AUTORELEASING = YES;
				CLANG_WARN_BOOL_CONVERSION = YES;
				CLANG_WARN_COMMA = YES;
				CLANG_WARN_CONSTANT_CONVERSION = YES;
				CLANG_WARN_DEPRECATED_OBJC_IMPLEMENTATIONS = YES;
				CLANG_WARN_DIRECT_OBJC_ISA_USAGE = YES_ERROR;
				CLANG_WARN_DOCUMENTATION_COMMENTS = YES;
				CLANG_WARN_EMPTY_BODY = YES;
				CLANG_WARN_ENUM_CONVERSION = YES;
				CLANG_WARN_INFINITE_RECURSION = YES;
				CLANG_WARN_INT_CONVERSION = YES;
				CLANG_WARN_NON_LITERAL_NULL_CONVERSION = YES;
				CLANG_WARN_OBJC_IMPLICIT_RETAIN_SELF = YES;
				CLANG_WARN_OBJC_LITERAL_CONVERSION = YES;
				CLANG_WARN_OBJC_ROOT_CLASS = YES_ERROR;
				CLANG_WARN_RANGE_LOOP_ANALYSIS = YES;
				CLANG_WARN_STRICT_PROTOTYPES = YES;
				CLANG_WARN_SUSPICIOUS_MOVE = YES;
				CLANG_WARN_UNGUARDED_AVAILABILITY = YES_AGGRESSIVE;
				CLANG_WARN_UNREACHABLE_CODE = YES;
				CLANG_WARN__DUPLICATE_METHOD_MATCH = YES;
				COPY_PHASE_STRIP = NO;
				DEBUG_INFORMATION_FORMAT = dwarf;
				ENABLE_STRICT_OBJC_MSGSEND = YES;
				ENABLE_TESTABILITY = YES;
				GCC_C_LANGUAGE_STANDARD = gnu11;
				GCC_DYNAMIC_NO_PIC = NO;
				GCC_NO_COMMON_BLOCKS = YES;
				GCC_OPTIMIZATION_LEVEL = 0;
				GCC_PREPROCESSOR_DEFINITIONS = (
					"DEBUG=1",
					"$(inherited)",
				);
				GCC_WARN_64_TO_32_BIT_CONVERSION = YES;
				GCC_WARN_ABOUT_RETURN_TYPE = YES_ERROR;
				GCC_WARN_UNDECLARED_SELECTOR = YES;
				GCC_WARN_UNINITIALIZED_AUTOS = YES_AGGRESSIVE;
				GCC_WARN_UNUSED_FUNCTION = YES;
				GCC_WARN_UNUSED_VARIABLE = YES;
				IPHONEOS_DEPLOYMENT_TARGET = 13.4;
				MTL_ENABLE_DEBUG_INFO = INCLUDE_SOURCE;
				MTL_FAST_MATH = YES;
				ONLY_ACTIVE_ARCH = YES;
				SDKROOT = iphoneos;
				SWIFT_ACTIVE_COMPILATION_CONDITIONS = DEBUG;
				SWIFT_OPTIMIZATION_LEVEL = "-Onone";
			};
			name = Debug;
		};
		C5B651142474174D004B285F /* Release */ = {
			isa = XCBuildConfiguration;
			buildSettings = {
				ALWAYS_SEARCH_USER_PATHS = NO;
				CLANG_ANALYZER_NONNULL = YES;
				CLANG_ANALYZER_NUMBER_OBJECT_CONVERSION = YES_AGGRESSIVE;
				CLANG_CXX_LANGUAGE_STANDARD = "gnu++14";
				CLANG_CXX_LIBRARY = "libc++";
				CLANG_ENABLE_MODULES = YES;
				CLANG_ENABLE_OBJC_ARC = YES;
				CLANG_ENABLE_OBJC_WEAK = YES;
				CLANG_WARN_BLOCK_CAPTURE_AUTORELEASING = YES;
				CLANG_WARN_BOOL_CONVERSION = YES;
				CLANG_WARN_COMMA = YES;
				CLANG_WARN_CONSTANT_CONVERSION = YES;
				CLANG_WARN_DEPRECATED_OBJC_IMPLEMENTATIONS = YES;
				CLANG_WARN_DIRECT_OBJC_ISA_USAGE = YES_ERROR;
				CLANG_WARN_DOCUMENTATION_COMMENTS = YES;
				CLANG_WARN_EMPTY_BODY = YES;
				CLANG_WARN_ENUM_CONVERSION = YES;
				CLANG_WARN_INFINITE_RECURSION = YES;
				CLANG_WARN_INT_CONVERSION = YES;
				CLANG_WARN_NON_LITERAL_NULL_CONVERSION = YES;
				CLANG_WARN_OBJC_IMPLICIT_RETAIN_SELF = YES;
				CLANG_WARN_OBJC_LITERAL_CONVERSION = YES;
				CLANG_WARN_OBJC_ROOT_CLASS = YES_ERROR;
				CLANG_WARN_RANGE_LOOP_ANALYSIS = YES;
				CLANG_WARN_STRICT_PROTOTYPES = YES;
				CLANG_WARN_SUSPICIOUS_MOVE = YES;
				CLANG_WARN_UNGUARDED_AVAILABILITY = YES_AGGRESSIVE;
				CLANG_WARN_UNREACHABLE_CODE = YES;
				CLANG_WARN__DUPLICATE_METHOD_MATCH = YES;
				COPY_PHASE_STRIP = NO;
				DEBUG_INFORMATION_FORMAT = "dwarf-with-dsym";
				ENABLE_NS_ASSERTIONS = NO;
				ENABLE_STRICT_OBJC_MSGSEND = YES;
				GCC_C_LANGUAGE_STANDARD = gnu11;
				GCC_NO_COMMON_BLOCKS = YES;
				GCC_WARN_64_TO_32_BIT_CONVERSION = YES;
				GCC_WARN_ABOUT_RETURN_TYPE = YES_ERROR;
				GCC_WARN_UNDECLARED_SELECTOR = YES;
				GCC_WARN_UNINITIALIZED_AUTOS = YES_AGGRESSIVE;
				GCC_WARN_UNUSED_FUNCTION = YES;
				GCC_WARN_UNUSED_VARIABLE = YES;
				IPHONEOS_DEPLOYMENT_TARGET = 13.4;
				MTL_ENABLE_DEBUG_INFO = NO;
				MTL_FAST_MATH = YES;
				SDKROOT = iphoneos;
				SWIFT_COMPILATION_MODE = wholemodule;
				SWIFT_OPTIMIZATION_LEVEL = "-O";
				VALIDATE_PRODUCT = YES;
			};
			name = Release;
		};
		C5B651162474174D004B285F /* Debug */ = {
			isa = XCBuildConfiguration;
			baseConfigurationReference = A7152577116248490957B9FB /* Pods-AuB.debug.xcconfig */;
			buildSettings = {
				ASSETCATALOG_COMPILER_APPICON_NAME = AppIcon;
				CODE_SIGN_ENTITLEMENTS = AuB/AuB.entitlements;
				CODE_SIGN_STYLE = Automatic;
				DEVELOPMENT_TEAM = L3BXQ56R4P;
				INFOPLIST_FILE = AuB/Info.plist;
				IPHONEOS_DEPLOYMENT_TARGET = 11.0;
				LD_RUNPATH_SEARCH_PATHS = (
					"$(inherited)",
					"@executable_path/Frameworks",
				);
				PRODUCT_BUNDLE_IDENTIFIER = com.ole.adb.AuB;
				PRODUCT_NAME = "$(TARGET_NAME)";
				SWIFT_VERSION = 5.0;
				TARGETED_DEVICE_FAMILY = "1,2";
			};
			name = Debug;
		};
		C5B651172474174D004B285F /* Release */ = {
			isa = XCBuildConfiguration;
			baseConfigurationReference = 8737E845BCBE660DBAFF0571 /* Pods-AuB.release.xcconfig */;
			buildSettings = {
				ASSETCATALOG_COMPILER_APPICON_NAME = AppIcon;
				CODE_SIGN_ENTITLEMENTS = AuB/AuB.entitlements;
				CODE_SIGN_STYLE = Automatic;
				DEVELOPMENT_TEAM = 7H8D3V35PZ;
				INFOPLIST_FILE = AuB/Info.plist;
				IPHONEOS_DEPLOYMENT_TARGET = 11.0;
				LD_RUNPATH_SEARCH_PATHS = (
					"$(inherited)",
					"@executable_path/Frameworks",
				);
				PRODUCT_BUNDLE_IDENTIFIER = com.ole.adb.AuB;
				PRODUCT_NAME = "$(TARGET_NAME)";
				SWIFT_VERSION = 5.0;
				TARGETED_DEVICE_FAMILY = "1,2";
			};
			name = Release;
		};
/* End XCBuildConfiguration section */

/* Begin XCConfigurationList section */
		C5B650FA24741746004B285F /* Build configuration list for PBXProject "AuB" */ = {
			isa = XCConfigurationList;
			buildConfigurations = (
				C5B651132474174D004B285F /* Debug */,
				C5B651142474174D004B285F /* Release */,
			);
			defaultConfigurationIsVisible = 0;
			defaultConfigurationName = Release;
		};
		C5B651152474174D004B285F /* Build configuration list for PBXNativeTarget "AuB" */ = {
			isa = XCConfigurationList;
			buildConfigurations = (
				C5B651162474174D004B285F /* Debug */,
				C5B651172474174D004B285F /* Release */,
			);
			defaultConfigurationIsVisible = 0;
			defaultConfigurationName = Release;
		};
/* End XCConfigurationList section */
	};
	rootObject = C5B650F724741746004B285F /* Project object */;
}
